
Microsoft Visual Studio Solution File, Format Version 12.00
# Visual Studio 15
VisualStudioVersion = 15.0.26430.14
MinimumVisualStudioVersion = 10.0.40219.1
Project("{FAE04EC0-301F-11D3-BF4B-00C04F79EFBC}") = "Audacious", "Audacious\Audacious.csproj", "{C25B6EDE-44CA-4AF8-9C27-217B099B1AE1}"
EndProject
Global
	GlobalSection(SolutionConfigurationPlatforms) = preSolution
		Debug|x86 = Debug|x86
		Release|x86 = Release|x86
	EndGlobalSection
	GlobalSection(ProjectConfigurationPlatforms) = postSolution
		{C25B6EDE-44CA-4AF8-9C27-217B099B1AE1}.Debug|x86.ActiveCfg = Debug|x86
		{C25B6EDE-44CA-4AF8-9C27-217B099B1AE1}.Debug|x86.Build.0 = Debug|x86
		{C25B6EDE-44CA-4AF8-9C27-217B099B1AE1}.Release|x86.ActiveCfg = Release|x86
		{C25B6EDE-44CA-4AF8-9C27-217B099B1AE1}.Release|x86.Build.0 = Release|x86
	EndGlobalSection
	GlobalSection(SolutionProperties) = preSolution
		HideSolutionNode = FALSE
	EndGlobalSection
EndGlobal
